
Microsoft Visual Studio Solution File, Format Version 12.00
# Visual Studio Version 17
VisualStudioVersion = 17.9.34723.18
MinimumVisualStudioVersion = 10.0.40219.1
Project("{FAE04EC0-301F-11D3-BF4B-00C04F79EFBC}") = "BenchmarkTests", "BenchmarkTests\BenchmarkTests.csproj", "{AE735A46-86BD-4897-9C8D-43E437A7AE31}"
EndProject
Project("{FAE04EC0-301F-11D3-BF4B-00C04F79EFBC}") = "Benchmark.ConsoleApp", "Benchmark.ConsoleApp\Benchmark.ConsoleApp.csproj", "{02402B9B-4E0C-4BAE-A561-B991FFA2B6C2}"
EndProject
Global
	GlobalSection(SolutionConfigurationPlatforms) = preSolution
		Debug|Any CPU = Debug|Any CPU
		Release|Any CPU = Release|Any CPU
	EndGlobalSection
	GlobalSection(ProjectConfigurationPlatforms) = postSolution
		{AE735A46-86BD-4897-9C8D-43E437A7AE31}.Debug|Any CPU.ActiveCfg = Debug|Any CPU
		{AE735A46-86BD-4897-9C8D-43E437A7AE31}.Debug|Any CPU.Build.0 = Debug|Any CPU
		{AE735A46-86BD-4897-9C8D-43E437A7AE31}.Release|Any CPU.ActiveCfg = Release|Any CPU
		{AE735A46-86BD-4897-9C8D-43E437A7AE31}.Release|Any CPU.Build.0 = Release|Any CPU
		{02402B9B-4E0C-4BAE-A561-B991FFA2B6C2}.Debug|Any CPU.ActiveCfg = Debug|Any CPU
		{02402B9B-4E0C-4BAE-A561-B991FFA2B6C2}.Debug|Any CPU.Build.0 = Debug|Any CPU
		{02402B9B-4E0C-4BAE-A561-B991FFA2B6C2}.Release|Any CPU.ActiveCfg = Release|Any CPU
		{02402B9B-4E0C-4BAE-A561-B991FFA2B6C2}.Release|Any CPU.Build.0 = Release|Any CPU
	EndGlobalSection
	GlobalSection(SolutionProperties) = preSolution
		HideSolutionNode = FALSE
	EndGlobalSection
	GlobalSection(ExtensibilityGlobals) = postSolution
		SolutionGuid = {952DC53A-ADE0-4064-ABFC-3FCBD0A15F0A}
	EndGlobalSection
EndGlobal
